
Microsoft Visual Studio Solution File, Format Version 12.00
# Visual Studio Version 17
VisualStudioVersion = 17.2.32602.215
MinimumVisualStudioVersion = 10.0.40219.1
Project("{FAE04EC0-301F-11D3-BF4B-00C04F79EFBC}") = "OOPLaboratornaya", "OOPLaboratornaya\OOPLaboratornaya.csproj", "{9481083E-B7C9-46A0-B82C-E27838F97B7A}"
EndProject
Project("{FAE04EC0-301F-11D3-BF4B-00C04F79EFBC}") = "Employees", "Employees\Employees.csproj", "{C41EABE8-CA12-4292-8ADE-DF5F46ED77F1}"
EndProject
Project("{FAE04EC0-301F-11D3-BF4B-00C04F79EFBC}") = "MyArrays", "MyArrays\MyArrays.csproj", "{40524F62-C07D-45DB-973B-874E765FF59D}"
EndProject
Global
	GlobalSection(SolutionConfigurationPlatforms) = preSolution
		Debug|Any CPU = Debug|Any CPU
		Release|Any CPU = Release|Any CPU
	EndGlobalSection
	GlobalSection(ProjectConfigurationPlatforms) = postSolution
		{9481083E-B7C9-46A0-B82C-E27838F97B7A}.Debug|Any CPU.ActiveCfg = Debug|Any CPU
		{9481083E-B7C9-46A0-B82C-E27838F97B7A}.Debug|Any CPU.Build.0 = Debug|Any CPU
		{9481083E-B7C9-46A0-B82C-E27838F97B7A}.Release|Any CPU.ActiveCfg = Release|Any CPU
		{9481083E-B7C9-46A0-B82C-E27838F97B7A}.Release|Any CPU.Build.0 = Release|Any CPU
		{C41EABE8-CA12-4292-8ADE-DF5F46ED77F1}.Debug|Any CPU.ActiveCfg = Debug|Any CPU
		{C41EABE8-CA12-4292-8ADE-DF5F46ED77F1}.Debug|Any CPU.Build.0 = Debug|Any CPU
		{C41EABE8-CA12-4292-8ADE-DF5F46ED77F1}.Release|Any CPU.ActiveCfg = Release|Any CPU
		{C41EABE8-CA12-4292-8ADE-DF5F46ED77F1}.Release|Any CPU.Build.0 = Release|Any CPU
		{40524F62-C07D-45DB-973B-874E765FF59D}.Debug|Any CPU.ActiveCfg = Debug|Any CPU
		{40524F62-C07D-45DB-973B-874E765FF59D}.Debug|Any CPU.Build.0 = Debug|Any CPU
		{40524F62-C07D-45DB-973B-874E765FF59D}.Release|Any CPU.ActiveCfg = Release|Any CPU
		{40524F62-C07D-45DB-973B-874E765FF59D}.Release|Any CPU.Build.0 = Release|Any CPU
	EndGlobalSection
	GlobalSection(SolutionProperties) = preSolution
		HideSolutionNode = FALSE
	EndGlobalSection
	GlobalSection(ExtensibilityGlobals) = postSolution
		SolutionGuid = {3C06119B-8C42-49BA-8E74-B332B5727BE1}
	EndGlobalSection
EndGlobal
